
Microsoft Visual Studio Solution File, Format Version 12.00
# Visual Studio 15
Project("{FAE04EC0-301F-11D3-BF4B-00C04F79EFBC}") = "session-01-api", "session-01-api.csproj", "{50949AF1-6887-44BE-AC82-2C3045A2FE66}"
EndProject
Project("{FAE04EC0-301F-11D3-BF4B-00C04F79EFBC}") = "session-01-site", "session-01-site\session-01-site.csproj", "{73F2BABC-7B1C-4910-B6C0-BF7BF6D51523}"
EndProject
Global
	GlobalSection(SolutionConfigurationPlatforms) = preSolution
		Debug|Any CPU = Debug|Any CPU
		Release|Any CPU = Release|Any CPU
	EndGlobalSection
	GlobalSection(ProjectConfigurationPlatforms) = postSolution
		{50949AF1-6887-44BE-AC82-2C3045A2FE66}.Debug|Any CPU.ActiveCfg = Debug|Any CPU
		{50949AF1-6887-44BE-AC82-2C3045A2FE66}.Debug|Any CPU.Build.0 = Debug|Any CPU
		{50949AF1-6887-44BE-AC82-2C3045A2FE66}.Release|Any CPU.ActiveCfg = Release|Any CPU
		{50949AF1-6887-44BE-AC82-2C3045A2FE66}.Release|Any CPU.Build.0 = Release|Any CPU
		{73F2BABC-7B1C-4910-B6C0-BF7BF6D51523}.Debug|Any CPU.ActiveCfg = Debug|Any CPU
		{73F2BABC-7B1C-4910-B6C0-BF7BF6D51523}.Debug|Any CPU.Build.0 = Debug|Any CPU
		{73F2BABC-7B1C-4910-B6C0-BF7BF6D51523}.Release|Any CPU.ActiveCfg = Release|Any CPU
		{73F2BABC-7B1C-4910-B6C0-BF7BF6D51523}.Release|Any CPU.Build.0 = Release|Any CPU
	EndGlobalSection
EndGlobal
